
Microsoft Visual Studio Solution File, Format Version 12.00
# Visual Studio Version 17
VisualStudioVersion = 17.1.32421.90
MinimumVisualStudioVersion = 10.0.40219.1
Project("{9A19103F-16F7-4668-BE54-9A1E7A4F7556}") = "AwesomeDownloader.View", "AwesomeDownloader\AwesomeDownloader.View.csproj", "{628769EA-BC91-4C11-A9A3-4555AFDA6D1C}"
EndProject
Project("{FAE04EC0-301F-11D3-BF4B-00C04F79EFBC}") = "AwesomeDownloader.BusinessLayer", "AwesomeDownloader.BusinessLayer\AwesomeDownloader.BusinessLayer.csproj", "{A88896E3-A89A-44AC-8F92-7DF9AA0DA404}"
EndProject
Project("{FAE04EC0-301F-11D3-BF4B-00C04F79EFBC}") = "AwesomeDownloader.Models", "AwesomeDownloader.Models\AwesomeDownloader.Models.csproj", "{1AEFEC38-11CD-43D0-8A7E-16E7B8C3BFF5}"
EndProject
Global
	GlobalSection(SolutionConfigurationPlatforms) = preSolution
		Debug|Any CPU = Debug|Any CPU
		Release|Any CPU = Release|Any CPU
	EndGlobalSection
	GlobalSection(ProjectConfigurationPlatforms) = postSolution
		{628769EA-BC91-4C11-A9A3-4555AFDA6D1C}.Debug|Any CPU.ActiveCfg = Debug|Any CPU
		{628769EA-BC91-4C11-A9A3-4555AFDA6D1C}.Debug|Any CPU.Build.0 = Debug|Any CPU
		{628769EA-BC91-4C11-A9A3-4555AFDA6D1C}.Release|Any CPU.ActiveCfg = Release|Any CPU
		{628769EA-BC91-4C11-A9A3-4555AFDA6D1C}.Release|Any CPU.Build.0 = Release|Any CPU
		{A88896E3-A89A-44AC-8F92-7DF9AA0DA404}.Debug|Any CPU.ActiveCfg = Debug|Any CPU
		{A88896E3-A89A-44AC-8F92-7DF9AA0DA404}.Debug|Any CPU.Build.0 = Debug|Any CPU
		{A88896E3-A89A-44AC-8F92-7DF9AA0DA404}.Release|Any CPU.ActiveCfg = Release|Any CPU
		{A88896E3-A89A-44AC-8F92-7DF9AA0DA404}.Release|Any CPU.Build.0 = Release|Any CPU
		{1AEFEC38-11CD-43D0-8A7E-16E7B8C3BFF5}.Debug|Any CPU.ActiveCfg = Debug|Any CPU
		{1AEFEC38-11CD-43D0-8A7E-16E7B8C3BFF5}.Debug|Any CPU.Build.0 = Debug|Any CPU
		{1AEFEC38-11CD-43D0-8A7E-16E7B8C3BFF5}.Release|Any CPU.ActiveCfg = Release|Any CPU
		{1AEFEC38-11CD-43D0-8A7E-16E7B8C3BFF5}.Release|Any CPU.Build.0 = Release|Any CPU
	EndGlobalSection
	GlobalSection(SolutionProperties) = preSolution
		HideSolutionNode = FALSE
	EndGlobalSection
	GlobalSection(ExtensibilityGlobals) = postSolution
		SolutionGuid = {0CC22D44-BA51-466E-8947-0D35C12CF7AB}
	EndGlobalSection
EndGlobal
